
Microsoft Visual Studio Solution File, Format Version 12.00
# Visual Studio Version 16
VisualStudioVersion = 25.0.1704.2
MinimumVisualStudioVersion = 10.0.40219.1
Project("{FAE04EC0-301F-11D3-BF4B-00C04F79EFBC}") = "MasterService", "MasterService.csproj", "{992BC9A6-ED14-4C5E-B23D-5CBA1F048B34}"
EndProject
Project("{FAE04EC0-301F-11D3-BF4B-00C04F79EFBC}") = "SlaveService", "..\SlaveService\SlaveService.csproj", "{CA7827D9-B417-43C2-BE45-B7192A79C72D}"
EndProject
Global
	GlobalSection(SolutionConfigurationPlatforms) = preSolution
		Debug|Any CPU = Debug|Any CPU
		Release|Any CPU = Release|Any CPU
	EndGlobalSection
	GlobalSection(ProjectConfigurationPlatforms) = postSolution
		{992BC9A6-ED14-4C5E-B23D-5CBA1F048B34}.Debug|Any CPU.ActiveCfg = Debug|Any CPU
		{992BC9A6-ED14-4C5E-B23D-5CBA1F048B34}.Debug|Any CPU.Build.0 = Debug|Any CPU
		{992BC9A6-ED14-4C5E-B23D-5CBA1F048B34}.Release|Any CPU.ActiveCfg = Release|Any CPU
		{992BC9A6-ED14-4C5E-B23D-5CBA1F048B34}.Release|Any CPU.Build.0 = Release|Any CPU
		{CA7827D9-B417-43C2-BE45-B7192A79C72D}.Debug|Any CPU.ActiveCfg = Debug|Any CPU
		{CA7827D9-B417-43C2-BE45-B7192A79C72D}.Debug|Any CPU.Build.0 = Debug|Any CPU
		{CA7827D9-B417-43C2-BE45-B7192A79C72D}.Release|Any CPU.ActiveCfg = Release|Any CPU
		{CA7827D9-B417-43C2-BE45-B7192A79C72D}.Release|Any CPU.Build.0 = Release|Any CPU
	EndGlobalSection
	GlobalSection(SolutionProperties) = preSolution
		HideSolutionNode = FALSE
	EndGlobalSection
	GlobalSection(ExtensibilityGlobals) = postSolution
		SolutionGuid = {6B464C15-4174-43C9-8CE6-696E44F9ED20}
	EndGlobalSection
EndGlobal
