
Microsoft Visual Studio Solution File, Format Version 12.00
# Visual Studio Version 16
VisualStudioVersion = 25.0.1704.2
MinimumVisualStudioVersion = 10.0.40219.1
Project("{FAE04EC0-301F-11D3-BF4B-00C04F79EFBC}") = "VetClinicService", "VetClinicService.csproj", "{DC3AA479-B1FD-47E5-B1A0-E6EEA46DA4E9}"
EndProject
Project("{FAE04EC0-301F-11D3-BF4B-00C04F79EFBC}") = "VetClinicService.Library", "..\VetClinicService.Library\VetClinicService.Library.csproj", "{6165DC80-83FA-4DD2-B1EA-0A9641C6D638}"
EndProject
Project("{FAE04EC0-301F-11D3-BF4B-00C04F79EFBC}") = "VetClientTest", "..\VetClientTest\VetClientTest.csproj", "{B1593725-0C7B-4722-83C6-D3111036E78D}"
EndProject
Global
	GlobalSection(SolutionConfigurationPlatforms) = preSolution
		Debug|Any CPU = Debug|Any CPU
		Release|Any CPU = Release|Any CPU
	EndGlobalSection
	GlobalSection(ProjectConfigurationPlatforms) = postSolution
		{DC3AA479-B1FD-47E5-B1A0-E6EEA46DA4E9}.Debug|Any CPU.ActiveCfg = Debug|Any CPU
		{DC3AA479-B1FD-47E5-B1A0-E6EEA46DA4E9}.Debug|Any CPU.Build.0 = Debug|Any CPU
		{DC3AA479-B1FD-47E5-B1A0-E6EEA46DA4E9}.Release|Any CPU.ActiveCfg = Release|Any CPU
		{DC3AA479-B1FD-47E5-B1A0-E6EEA46DA4E9}.Release|Any CPU.Build.0 = Release|Any CPU
		{6165DC80-83FA-4DD2-B1EA-0A9641C6D638}.Debug|Any CPU.ActiveCfg = Debug|Any CPU
		{6165DC80-83FA-4DD2-B1EA-0A9641C6D638}.Debug|Any CPU.Build.0 = Debug|Any CPU
		{6165DC80-83FA-4DD2-B1EA-0A9641C6D638}.Release|Any CPU.ActiveCfg = Release|Any CPU
		{6165DC80-83FA-4DD2-B1EA-0A9641C6D638}.Release|Any CPU.Build.0 = Release|Any CPU
		{B1593725-0C7B-4722-83C6-D3111036E78D}.Debug|Any CPU.ActiveCfg = Debug|Any CPU
		{B1593725-0C7B-4722-83C6-D3111036E78D}.Debug|Any CPU.Build.0 = Debug|Any CPU
		{B1593725-0C7B-4722-83C6-D3111036E78D}.Release|Any CPU.ActiveCfg = Release|Any CPU
		{B1593725-0C7B-4722-83C6-D3111036E78D}.Release|Any CPU.Build.0 = Release|Any CPU
	EndGlobalSection
	GlobalSection(SolutionProperties) = preSolution
		HideSolutionNode = FALSE
	EndGlobalSection
	GlobalSection(ExtensibilityGlobals) = postSolution
		SolutionGuid = {0320B425-17E1-4282-BEC7-B4162CE2B556}
	EndGlobalSection
EndGlobal
