
Microsoft Visual Studio Solution File, Format Version 12.00
# Visual Studio Version 17
VisualStudioVersion = 17.3.32825.248
MinimumVisualStudioVersion = 10.0.40219.1
Project("{FAE04EC0-301F-11D3-BF4B-00C04F79EFBC}") = "WcfService", "WcfService\WcfService.csproj", "{A74D33ED-C843-4C5F-ADCC-14B8E1B9247E}"
EndProject
Project("{FAE04EC0-301F-11D3-BF4B-00C04F79EFBC}") = "WcfServiceUI", "WcfServiceUI\WcfServiceUI.csproj", "{0C31A4F0-FCFE-4D37-AB8D-7FC9ED072F32}"
EndProject
Global
	GlobalSection(SolutionConfigurationPlatforms) = preSolution
		Debug|Any CPU = Debug|Any CPU
		Release|Any CPU = Release|Any CPU
	EndGlobalSection
	GlobalSection(ProjectConfigurationPlatforms) = postSolution
		{A74D33ED-C843-4C5F-ADCC-14B8E1B9247E}.Debug|Any CPU.ActiveCfg = Debug|Any CPU
		{A74D33ED-C843-4C5F-ADCC-14B8E1B9247E}.Debug|Any CPU.Build.0 = Debug|Any CPU
		{A74D33ED-C843-4C5F-ADCC-14B8E1B9247E}.Release|Any CPU.ActiveCfg = Release|Any CPU
		{A74D33ED-C843-4C5F-ADCC-14B8E1B9247E}.Release|Any CPU.Build.0 = Release|Any CPU
		{0C31A4F0-FCFE-4D37-AB8D-7FC9ED072F32}.Debug|Any CPU.ActiveCfg = Debug|Any CPU
		{0C31A4F0-FCFE-4D37-AB8D-7FC9ED072F32}.Debug|Any CPU.Build.0 = Debug|Any CPU
		{0C31A4F0-FCFE-4D37-AB8D-7FC9ED072F32}.Release|Any CPU.ActiveCfg = Release|Any CPU
		{0C31A4F0-FCFE-4D37-AB8D-7FC9ED072F32}.Release|Any CPU.Build.0 = Release|Any CPU
	EndGlobalSection
	GlobalSection(SolutionProperties) = preSolution
		HideSolutionNode = FALSE
	EndGlobalSection
	GlobalSection(ExtensibilityGlobals) = postSolution
		SolutionGuid = {A4BC889F-15BC-45AE-99F7-D566BCDC82E7}
	EndGlobalSection
EndGlobal
